
Microsoft Visual Studio Solution File, Format Version 12.00
# Visual Studio Version 16
VisualStudioVersion = 16.0.29009.5
MinimumVisualStudioVersion = 10.0.40219.1
Project("{8BC9CEB8-8B4A-11D0-8D11-00A0C91BC942}") = "day_1", "day_1\day_1.vcxproj", "{213CFE9F-1536-4C5C-9D0A-B9CEA56AD455}"
EndProject
Project("{8BC9CEB8-8B4A-11D0-8D11-00A0C91BC942}") = "day_2", "day_2\day_2.vcxproj", "{B4BB63CE-9290-4C41-8C51-5BFD7A43398D}"
EndProject
Project("{8BC9CEB8-8B4A-11D0-8D11-00A0C91BC942}") = "day_3", "day_3\day_3.vcxproj", "{2CC1F6DD-6110-494B-B0DE-C6465BBE5E95}"
EndProject
Project("{8BC9CEB8-8B4A-11D0-8D11-00A0C91BC942}") = "day_4", "day_4\day_4.vcxproj", "{30E89C20-DFA0-41A0-BE2E-35E255E243C3}"
EndProject
Project("{8BC9CEB8-8B4A-11D0-8D11-00A0C91BC942}") = "day_5", "day_5\day_5.vcxproj", "{C6FDFAF3-8A1B-411C-B5F0-9A6356996412}"
EndProject
Project("{8BC9CEB8-8B4A-11D0-8D11-00A0C91BC942}") = "day_6", "day_6\day_6.vcxproj", "{165A2F54-7251-45AF-8EB1-1FBBBC173076}"
EndProject
Project("{8BC9CEB8-8B4A-11D0-8D11-00A0C91BC942}") = "day_8", "day_8\day_8.vcxproj", "{1EDB4047-0910-46DC-B340-3A7D4FEB3700}"
EndProject
Project("{8BC9CEB8-8B4A-11D0-8D11-00A0C91BC942}") = "day_7", "day_7\day_7.vcxproj", "{D1B1AD98-D5B4-458E-A502-CE629A3A6564}"
EndProject
Project("{8BC9CEB8-8B4A-11D0-8D11-00A0C91BC942}") = "day_9", "day_9\day_9.vcxproj", "{26255C60-3656-43FC-9078-1ADEAA02DF0B}"
EndProject
Global
	GlobalSection(SolutionConfigurationPlatforms) = preSolution
		Debug|x64 = Debug|x64
		Debug|x86 = Debug|x86
		Release|x64 = Release|x64
		Release|x86 = Release|x86
	EndGlobalSection
	GlobalSection(ProjectConfigurationPlatforms) = postSolution
		{213CFE9F-1536-4C5C-9D0A-B9CEA56AD455}.Debug|x64.ActiveCfg = Debug|x64
		{213CFE9F-1536-4C5C-9D0A-B9CEA56AD455}.Debug|x64.Build.0 = Debug|x64
		{213CFE9F-1536-4C5C-9D0A-B9CEA56AD455}.Debug|x86.ActiveCfg = Debug|Win32
		{213CFE9F-1536-4C5C-9D0A-B9CEA56AD455}.Debug|x86.Build.0 = Debug|Win32
		{213CFE9F-1536-4C5C-9D0A-B9CEA56AD455}.Release|x64.ActiveCfg = Release|x64
		{213CFE9F-1536-4C5C-9D0A-B9CEA56AD455}.Release|x64.Build.0 = Release|x64
		{213CFE9F-1536-4C5C-9D0A-B9CEA56AD455}.Release|x86.ActiveCfg = Release|Win32
		{213CFE9F-1536-4C5C-9D0A-B9CEA56AD455}.Release|x86.Build.0 = Release|Win32
		{B4BB63CE-9290-4C41-8C51-5BFD7A43398D}.Debug|x64.ActiveCfg = Debug|x64
		{B4BB63CE-9290-4C41-8C51-5BFD7A43398D}.Debug|x64.Build.0 = Debug|x64
		{B4BB63CE-9290-4C41-8C51-5BFD7A43398D}.Debug|x86.ActiveCfg = Debug|Win32
		{B4BB63CE-9290-4C41-8C51-5BFD7A43398D}.Debug|x86.Build.0 = Debug|Win32
		{B4BB63CE-9290-4C41-8C51-5BFD7A43398D}.Release|x64.ActiveCfg = Release|x64
		{B4BB63CE-9290-4C41-8C51-5BFD7A43398D}.Release|x64.Build.0 = Release|x64
		{B4BB63CE-9290-4C41-8C51-5BFD7A43398D}.Release|x86.ActiveCfg = Release|Win32
		{B4BB63CE-9290-4C41-8C51-5BFD7A43398D}.Release|x86.Build.0 = Release|Win32
		{2CC1F6DD-6110-494B-B0DE-C6465BBE5E95}.Debug|x64.ActiveCfg = Debug|x64
		{2CC1F6DD-6110-494B-B0DE-C6465BBE5E95}.Debug|x64.Build.0 = Debug|x64
		{2CC1F6DD-6110-494B-B0DE-C6465BBE5E95}.Debug|x86.ActiveCfg = Debug|Win32
		{2CC1F6DD-6110-494B-B0DE-C6465BBE5E95}.Debug|x86.Build.0 = Debug|Win32
		{2CC1F6DD-6110-494B-B0DE-C6465BBE5E95}.Release|x64.ActiveCfg = Release|x64
		{2CC1F6DD-6110-494B-B0DE-C6465BBE5E95}.Release|x64.Build.0 = Release|x64
		{2CC1F6DD-6110-494B-B0DE-C6465BBE5E95}.Release|x86.ActiveCfg = Release|Win32
		{2CC1F6DD-6110-494B-B0DE-C6465BBE5E95}.Release|x86.Build.0 = Release|Win32
		{30E89C20-DFA0-41A0-BE2E-35E255E243C3}.Debug|x64.ActiveCfg = Debug|x64
		{30E89C20-DFA0-41A0-BE2E-35E255E243C3}.Debug|x64.Build.0 = Debug|x64
		{30E89C20-DFA0-41A0-BE2E-35E255E243C3}.Debug|x86.ActiveCfg = Debug|Win32
		{30E89C20-DFA0-41A0-BE2E-35E255E243C3}.Debug|x86.Build.0 = Debug|Win32
		{30E89C20-DFA0-41A0-BE2E-35E255E243C3}.Release|x64.ActiveCfg = Release|x64
		{30E89C20-DFA0-41A0-BE2E-35E255E243C3}.Release|x64.Build.0 = Release|x64
		{30E89C20-DFA0-41A0-BE2E-35E255E243C3}.Release|x86.ActiveCfg = Release|Win32
		{30E89C20-DFA0-41A0-BE2E-35E255E243C3}.Release|x86.Build.0 = Release|Win32
		{C6FDFAF3-8A1B-411C-B5F0-9A6356996412}.Debug|x64.ActiveCfg = Debug|x64
		{C6FDFAF3-8A1B-411C-B5F0-9A6356996412}.Debug|x64.Build.0 = Debug|x64
		{C6FDFAF3-8A1B-411C-B5F0-9A6356996412}.Debug|x86.ActiveCfg = Debug|Win32
		{C6FDFAF3-8A1B-411C-B5F0-9A6356996412}.Debug|x86.Build.0 = Debug|Win32
		{C6FDFAF3-8A1B-411C-B5F0-9A6356996412}.Release|x64.ActiveCfg = Release|x64
		{C6FDFAF3-8A1B-411C-B5F0-9A6356996412}.Release|x64.Build.0 = Release|x64
		{C6FDFAF3-8A1B-411C-B5F0-9A6356996412}.Release|x86.ActiveCfg = Release|Win32
		{C6FDFAF3-8A1B-411C-B5F0-9A6356996412}.Release|x86.Build.0 = Release|Win32
		{165A2F54-7251-45AF-8EB1-1FBBBC173076}.Debug|x64.ActiveCfg = Debug|x64
		{165A2F54-7251-45AF-8EB1-1FBBBC173076}.Debug|x64.Build.0 = Debug|x64
		{165A2F54-7251-45AF-8EB1-1FBBBC173076}.Debug|x86.ActiveCfg = Debug|Win32
		{165A2F54-7251-45AF-8EB1-1FBBBC173076}.Debug|x86.Build.0 = Debug|Win32
		{165A2F54-7251-45AF-8EB1-1FBBBC173076}.Release|x64.ActiveCfg = Release|x64
		{165A2F54-7251-45AF-8EB1-1FBBBC173076}.Release|x64.Build.0 = Release|x64
		{165A2F54-7251-45AF-8EB1-1FBBBC173076}.Release|x86.ActiveCfg = Release|Win32
		{165A2F54-7251-45AF-8EB1-1FBBBC173076}.Release|x86.Build.0 = Release|Win32
		{1EDB4047-0910-46DC-B340-3A7D4FEB3700}.Debug|x64.ActiveCfg = Debug|x64
		{1EDB4047-0910-46DC-B340-3A7D4FEB3700}.Debug|x64.Build.0 = Debug|x64
		{1EDB4047-0910-46DC-B340-3A7D4FEB3700}.Debug|x86.ActiveCfg = Debug|Win32
		{1EDB4047-0910-46DC-B340-3A7D4FEB3700}.Debug|x86.Build.0 = Debug|Win32
		{1EDB4047-0910-46DC-B340-3A7D4FEB3700}.Release|x64.ActiveCfg = Release|x64
		{1EDB4047-0910-46DC-B340-3A7D4FEB3700}.Release|x64.Build.0 = Release|x64
		{1EDB4047-0910-46DC-B340-3A7D4FEB3700}.Release|x86.ActiveCfg = Release|Win32
		{1EDB4047-0910-46DC-B340-3A7D4FEB3700}.Release|x86.Build.0 = Release|Win32
		{D1B1AD98-D5B4-458E-A502-CE629A3A6564}.Debug|x64.ActiveCfg = Debug|x64
		{D1B1AD98-D5B4-458E-A502-CE629A3A6564}.Debug|x64.Build.0 = Debug|x64
		{D1B1AD98-D5B4-458E-A502-CE629A3A6564}.Debug|x86.ActiveCfg = Debug|Win32
		{D1B1AD98-D5B4-458E-A502-CE629A3A6564}.Debug|x86.Build.0 = Debug|Win32
		{D1B1AD98-D5B4-458E-A502-CE629A3A6564}.Release|x64.ActiveCfg = Release|x64
		{D1B1AD98-D5B4-458E-A502-CE629A3A6564}.Release|x64.Build.0 = Release|x64
		{D1B1AD98-D5B4-458E-A502-CE629A3A6564}.Release|x86.ActiveCfg = Release|Win32
		{D1B1AD98-D5B4-458E-A502-CE629A3A6564}.Release|x86.Build.0 = Release|Win32
		{26255C60-3656-43FC-9078-1ADEAA02DF0B}.Debug|x64.ActiveCfg = Debug|x64
		{26255C60-3656-43FC-9078-1ADEAA02DF0B}.Debug|x64.Build.0 = Debug|x64
		{26255C60-3656-43FC-9078-1ADEAA02DF0B}.Debug|x86.ActiveCfg = Debug|Win32
		{26255C60-3656-43FC-9078-1ADEAA02DF0B}.Debug|x86.Build.0 = Debug|Win32
		{26255C60-3656-43FC-9078-1ADEAA02DF0B}.Release|x64.ActiveCfg = Release|x64
		{26255C60-3656-43FC-9078-1ADEAA02DF0B}.Release|x64.Build.0 = Release|x64
		{26255C60-3656-43FC-9078-1ADEAA02DF0B}.Release|x86.ActiveCfg = Release|Win32
		{26255C60-3656-43FC-9078-1ADEAA02DF0B}.Release|x86.Build.0 = Release|Win32
	EndGlobalSection
	GlobalSection(SolutionProperties) = preSolution
		HideSolutionNode = FALSE
	EndGlobalSection
	GlobalSection(ExtensibilityGlobals) = postSolution
		SolutionGuid = {67476380-3EF4-41A1-89D1-458DD374F8E4}
	EndGlobalSection
EndGlobal
